
Microsoft Visual Studio Solution File, Format Version 12.00
# Visual Studio 15
Project("{FAE04EC0-301F-11D3-BF4B-00C04F79EFBC}") = "Unity.Timeline", "Unity.Timeline.csproj", "{9E35C5CE-386D-90D2-519F-01E5A5667B9D}"
EndProject
Project("{FAE04EC0-301F-11D3-BF4B-00C04F79EFBC}") = "Unity.Timeline.Editor", "Unity.Timeline.Editor.csproj", "{4F395913-BEAF-789A-DB28-70660EB9B7F8}"
EndProject
Project("{FAE04EC0-301F-11D3-BF4B-00C04F79EFBC}") = "Unity.2D.Tilemap.Editor", "Unity.2D.Tilemap.Editor.csproj", "{365E073A-0305-678F-B995-41E778780AE8}"
EndProject
Project("{FAE04EC0-301F-11D3-BF4B-00C04F79EFBC}") = "Unity.TextMeshPro.Editor", "Unity.TextMeshPro.Editor.csproj", "{1D4F96C8-02EF-8850-D756-12E3F88B0B03}"
EndProject
Project("{FAE04EC0-301F-11D3-BF4B-00C04F79EFBC}") = "Unity.2D.Aseprite.Editor", "Unity.2D.Aseprite.Editor.csproj", "{6DAD5AE9-D58F-B3CF-2BEA-500E9E03ADA2}"
EndProject
Project("{FAE04EC0-301F-11D3-BF4B-00C04F79EFBC}") = "Unity.VisualScripting.Flow", "Unity.VisualScripting.Flow.csproj", "{70CF4794-41F6-2E53-D61D-507BC50F88E4}"
EndProject
Project("{FAE04EC0-301F-11D3-BF4B-00C04F79EFBC}") = "UnityEditor.UI", "UnityEditor.UI.csproj", "{AD4CF9D1-7C40-6A35-5751-04712BD2D773}"
EndProject
Project("{FAE04EC0-301F-11D3-BF4B-00C04F79EFBC}") = "Assembly-CSharp", "Assembly-CSharp.csproj", "{4D43CCF5-7C3E-B7BB-2A3A-265E3351B2E2}"
EndProject
Project("{FAE04EC0-301F-11D3-BF4B-00C04F79EFBC}") = "Unity.PlasticSCM.Editor", "Unity.PlasticSCM.Editor.csproj", "{9EC61B8C-0877-7DE2-D503-0C8B8D7C1327}"
EndProject
Project("{FAE04EC0-301F-11D3-BF4B-00C04F79EFBC}") = "Unity.2D.Psdimporter.Editor", "Unity.2D.Psdimporter.Editor.csproj", "{7427A9B7-E74B-84C7-301E-A4F34362B0C1}"
EndProject
Project("{FAE04EC0-301F-11D3-BF4B-00C04F79EFBC}") = "Unity.VisualScripting.Core", "Unity.VisualScripting.Core.csproj", "{03865EDD-1B80-BB84-EAE4-B18A1E5B44CD}"
EndProject
Project("{FAE04EC0-301F-11D3-BF4B-00C04F79EFBC}") = "Unity.Mathematics", "Unity.Mathematics.csproj", "{72C46FDE-73F6-5215-B398-73AD5381D478}"
EndProject
Project("{FAE04EC0-301F-11D3-BF4B-00C04F79EFBC}") = "Unity.2D.Animation.Editor", "Unity.2D.Animation.Editor.csproj", "{1097D0A4-8F8F-A680-0C45-E18802BB4D56}"
EndProject
Project("{FAE04EC0-301F-11D3-BF4B-00C04F79EFBC}") = "Unity.2D.Common.Path.Editor", "Unity.2D.Common.Path.Editor.csproj", "{9818440E-0929-34A3-334A-4D0D2287AB63}"
EndProject
Project("{FAE04EC0-301F-11D3-BF4B-00C04F79EFBC}") = "Unity.VisualScripting.Core.Editor", "Unity.VisualScripting.Core.Editor.csproj", "{62048338-17D3-0A6B-515E-0D60FFA9FE34}"
EndProject
Project("{FAE04EC0-301F-11D3-BF4B-00C04F79EFBC}") = "Unity.2D.IK.Runtime", "Unity.2D.IK.Runtime.csproj", "{989088CC-501D-F892-99B7-BCB9CC597FF6}"
EndProject
Project("{FAE04EC0-301F-11D3-BF4B-00C04F79EFBC}") = "Unity.VisualScripting.Flow.Editor", "Unity.VisualScripting.Flow.Editor.csproj", "{DEA4E311-B7A2-BC28-CD19-F4B65A841C70}"
EndProject
Project("{FAE04EC0-301F-11D3-BF4B-00C04F79EFBC}") = "UnityEditor.TestRunner", "UnityEditor.TestRunner.csproj", "{DE23FD69-F63F-C73E-C392-1639BD8E9750}"
EndProject
Project("{FAE04EC0-301F-11D3-BF4B-00C04F79EFBC}") = "Unity.VisualScripting.SettingsProvider.Editor", "Unity.VisualScripting.SettingsProvider.Editor.csproj", "{322AC669-088B-364E-58EF-9B9B59620E67}"
EndProject
Project("{FAE04EC0-301F-11D3-BF4B-00C04F79EFBC}") = "UnityEngine.TestRunner", "UnityEngine.TestRunner.csproj", "{B27522F0-FB6A-7AB4-6976-3A171219CFBE}"
EndProject
Project("{FAE04EC0-301F-11D3-BF4B-00C04F79EFBC}") = "PsdPlugin", "PsdPlugin.csproj", "{3C4D3777-1932-0B8A-44B0-23B885A02872}"
EndProject
Project("{FAE04EC0-301F-11D3-BF4B-00C04F79EFBC}") = "Unity.Burst", "Unity.Burst.csproj", "{BCD549B3-C9EA-C237-07AD-AB90EB406C83}"
EndProject
Project("{FAE04EC0-301F-11D3-BF4B-00C04F79EFBC}") = "UnityEngine.UI", "UnityEngine.UI.csproj", "{ABA5AAF3-1BA4-C2CB-3003-C1FE283E32B9}"
EndProject
Project("{FAE04EC0-301F-11D3-BF4B-00C04F79EFBC}") = "Unity.2D.SpriteShape.Editor", "Unity.2D.SpriteShape.Editor.csproj", "{439C4F77-A18A-C244-A55B-D88585BBCFF5}"
EndProject
Project("{FAE04EC0-301F-11D3-BF4B-00C04F79EFBC}") = "Unity.Collections", "Unity.Collections.csproj", "{B2BC9848-D843-C13E-4ECB-F29B761A7D84}"
EndProject
Project("{FAE04EC0-301F-11D3-BF4B-00C04F79EFBC}") = "Unity.VisualStudio.Editor", "Unity.VisualStudio.Editor.csproj", "{5277B06B-8319-04CD-16B9-00FD3534D8CA}"
EndProject
Project("{FAE04EC0-301F-11D3-BF4B-00C04F79EFBC}") = "Unity.2D.Tilemap.Extras.Editor", "Unity.2D.Tilemap.Extras.Editor.csproj", "{8413BA3E-7CE2-4295-CC69-D83C36CCB05F}"
EndProject
Project("{FAE04EC0-301F-11D3-BF4B-00C04F79EFBC}") = "Unity.Rider.Editor", "Unity.Rider.Editor.csproj", "{9B8F1922-27DF-FEC1-1868-98ECE848E5A3}"
EndProject
Project("{FAE04EC0-301F-11D3-BF4B-00C04F79EFBC}") = "Unity.InternalAPIEditorBridge.001", "Unity.InternalAPIEditorBridge.001.csproj", "{8B1561A1-E2A1-230E-6F49-A7C9D62726AC}"
EndProject
Project("{FAE04EC0-301F-11D3-BF4B-00C04F79EFBC}") = "Unity.2D.SpriteShape.Runtime", "Unity.2D.SpriteShape.Runtime.csproj", "{DDF1944C-6EF4-FE5F-66FD-CC6F7A88B7F1}"
EndProject
Project("{FAE04EC0-301F-11D3-BF4B-00C04F79EFBC}") = "Unity.VisualScripting.State.Editor", "Unity.VisualScripting.State.Editor.csproj", "{A1D88C21-E24C-8EC0-0E23-DFEFB3EFB87D}"
EndProject
Project("{FAE04EC0-301F-11D3-BF4B-00C04F79EFBC}") = "Unity.2D.Animation.Runtime", "Unity.2D.Animation.Runtime.csproj", "{D8A714D8-3980-3B29-28BD-1B1211A0C7E1}"
EndProject
Project("{FAE04EC0-301F-11D3-BF4B-00C04F79EFBC}") = "Unity.Burst.CodeGen", "Unity.Burst.CodeGen.csproj", "{3AF50F3C-512C-D87A-5373-5A6C082E357D}"
EndProject
Project("{FAE04EC0-301F-11D3-BF4B-00C04F79EFBC}") = "Unity.2D.Tilemap.Extras", "Unity.2D.Tilemap.Extras.csproj", "{A894951A-291E-333D-A947-F9761FBCBD58}"
EndProject
Project("{FAE04EC0-301F-11D3-BF4B-00C04F79EFBC}") = "Unity.VisualScripting.State", "Unity.VisualScripting.State.csproj", "{350D009D-BB17-BB56-EED5-F9BAE7B23FAA}"
EndProject
Project("{FAE04EC0-301F-11D3-BF4B-00C04F79EFBC}") = "Unity.TextMeshPro", "Unity.TextMeshPro.csproj", "{2E9F7B52-1A11-A977-9799-6AA437E9275E}"
EndProject
Project("{FAE04EC0-301F-11D3-BF4B-00C04F79EFBC}") = "Unity.2D.Aseprite.Common", "Unity.2D.Aseprite.Common.csproj", "{E267322F-BBFC-8700-6092-E855821E6BD9}"
EndProject
Project("{FAE04EC0-301F-11D3-BF4B-00C04F79EFBC}") = "Unity.2D.IK.Editor", "Unity.2D.IK.Editor.csproj", "{6AB477B4-EB5B-87EC-829A-FFA6D2B1BFCE}"
EndProject
Project("{FAE04EC0-301F-11D3-BF4B-00C04F79EFBC}") = "Unity.InternalAPIEngineBridge.001", "Unity.InternalAPIEngineBridge.001.csproj", "{2890E5AD-26CA-43EC-2117-E217E27EAA2D}"
EndProject
Project("{FAE04EC0-301F-11D3-BF4B-00C04F79EFBC}") = "Unity.Toolchain.Linux-x86_64", "Unity.Toolchain.Linux-x86_64.csproj", "{611A0309-3793-45C6-0D0B-61DBA9C35D66}"
EndProject
Project("{FAE04EC0-301F-11D3-BF4B-00C04F79EFBC}") = "Unity.Burst.Editor", "Unity.Burst.Editor.csproj", "{B1301636-764D-1C5B-E0D1-335707AB1676}"
EndProject
Project("{FAE04EC0-301F-11D3-BF4B-00C04F79EFBC}") = "Unity.2D.Common.Editor", "Unity.2D.Common.Editor.csproj", "{14A80D38-7B75-EBCF-2BEF-5134F752B771}"
EndProject
Project("{FAE04EC0-301F-11D3-BF4B-00C04F79EFBC}") = "Unity.Sysroot.Linux_x86_64", "Unity.Sysroot.Linux_x86_64.csproj", "{61E79E46-BC95-096A-8AE6-B3F06B79E820}"
EndProject
Project("{FAE04EC0-301F-11D3-BF4B-00C04F79EFBC}") = "Unity.2D.Sprite.Editor", "Unity.2D.Sprite.Editor.csproj", "{9D734A8E-A9A3-C583-4074-EEA51D0AB96B}"
EndProject
Project("{FAE04EC0-301F-11D3-BF4B-00C04F79EFBC}") = "Unity.2D.PixelPerfect", "Unity.2D.PixelPerfect.csproj", "{47413967-B9A0-14C4-692F-9ED622EBED89}"
EndProject
Project("{FAE04EC0-301F-11D3-BF4B-00C04F79EFBC}") = "Unity.2D.PixelPerfect.Editor", "Unity.2D.PixelPerfect.Editor.csproj", "{988DBCD0-F39F-13D5-D71A-8F36EA6AB305}"
EndProject
Project("{FAE04EC0-301F-11D3-BF4B-00C04F79EFBC}") = "Unity.2D.Common.Runtime", "Unity.2D.Common.Runtime.csproj", "{9B20AD8F-5020-ECE8-2F0B-BC17BC097433}"
EndProject
Project("{FAE04EC0-301F-11D3-BF4B-00C04F79EFBC}") = "Unity.Mathematics.Editor", "Unity.Mathematics.Editor.csproj", "{80BD8FBB-9665-36C9-BFCD-14766C661CD2}"
EndProject
Project("{FAE04EC0-301F-11D3-BF4B-00C04F79EFBC}") = "Unity.SysrootPackage.Editor", "Unity.SysrootPackage.Editor.csproj", "{AF290CD9-03EB-75A7-463D-16951995BF66}"
EndProject
Project("{FAE04EC0-301F-11D3-BF4B-00C04F79EFBC}") = "Unity.Collections.BurstCompatibilityGen", "Unity.Collections.BurstCompatibilityGen.csproj", "{8DEE76AC-5AB0-6D7D-F9C6-44EBCB19838A}"
EndProject
Project("{FAE04EC0-301F-11D3-BF4B-00C04F79EFBC}") = "Unity.InternalAPIEditorBridge.005", "Unity.InternalAPIEditorBridge.005.csproj", "{529C3998-EF29-72BA-E68B-DAA94B93EF10}"
EndProject
Project("{FAE04EC0-301F-11D3-BF4B-00C04F79EFBC}") = "Unity.VisualScripting.Shared.Editor", "Unity.VisualScripting.Shared.Editor.csproj", "{3DA364CA-99A5-8194-8260-23C8176A0E5E}"
EndProject
Project("{FAE04EC0-301F-11D3-BF4B-00C04F79EFBC}") = "Unity.Collections.DocCodeSamples", "Unity.Collections.DocCodeSamples.csproj", "{EBEE58A4-A964-7478-44E4-2C331702AB0E}"
EndProject
Project("{FAE04EC0-301F-11D3-BF4B-00C04F79EFBC}") = "Unity.CollabProxy.Editor", "Unity.CollabProxy.Editor.csproj", "{E7B60DB2-E47F-8F26-4DC2-AAB94874D6E0}"
EndProject
Project("{FAE04EC0-301F-11D3-BF4B-00C04F79EFBC}") = "Unity.Timeline", "Unity.Timeline.Player.csproj", "{CE731D20-8AB9-DDD8-5AF6-10C779A28B37}"
EndProject
Project("{FAE04EC0-301F-11D3-BF4B-00C04F79EFBC}") = "Unity.VisualScripting.Flow", "Unity.VisualScripting.Flow.Player.csproj", "{A7385702-F231-5129-5567-9CBBB37AD356}"
EndProject
Project("{FAE04EC0-301F-11D3-BF4B-00C04F79EFBC}") = "Assembly-CSharp", "Assembly-CSharp.Player.csproj", "{1965A0EB-83FC-BC57-4D64-E320BC76EA1C}"
EndProject
Project("{FAE04EC0-301F-11D3-BF4B-00C04F79EFBC}") = "Unity.VisualScripting.Core", "Unity.VisualScripting.Core.Player.csproj", "{8938FD51-6FA3-B405-D4D8-28CD7C3B0BAE}"
EndProject
Project("{FAE04EC0-301F-11D3-BF4B-00C04F79EFBC}") = "Unity.Mathematics", "Unity.Mathematics.Player.csproj", "{5D948A27-83D6-327F-F75B-0B57EC474BC3}"
EndProject
Project("{FAE04EC0-301F-11D3-BF4B-00C04F79EFBC}") = "Unity.2D.IK.Runtime", "Unity.2D.IK.Runtime.Player.csproj", "{DEA757A0-F965-B7E5-67A5-A27BCEB52D0D}"
EndProject
Project("{FAE04EC0-301F-11D3-BF4B-00C04F79EFBC}") = "UnityEngine.TestRunner", "UnityEngine.TestRunner.Player.csproj", "{5A953F93-CFC5-FC30-6C07-CE3B8CDD1C14}"
EndProject
Project("{FAE04EC0-301F-11D3-BF4B-00C04F79EFBC}") = "Unity.Burst", "Unity.Burst.Player.csproj", "{D8315ABC-27D5-9060-5939-64458F2425BF}"
EndProject
Project("{FAE04EC0-301F-11D3-BF4B-00C04F79EFBC}") = "UnityEngine.UI", "UnityEngine.UI.Player.csproj", "{EFF2A2EC-6C20-0F57-BCE3-BE3728C27097}"
EndProject
Project("{FAE04EC0-301F-11D3-BF4B-00C04F79EFBC}") = "Unity.Collections", "Unity.Collections.Player.csproj", "{64A346EB-350F-50F4-6161-786FECF01838}"
EndProject
Project("{FAE04EC0-301F-11D3-BF4B-00C04F79EFBC}") = "Unity.2D.SpriteShape.Runtime", "Unity.2D.SpriteShape.Runtime.Player.csproj", "{CE8943D9-6FA9-E8B8-A8C8-3BAB27D6204A}"
EndProject
Project("{FAE04EC0-301F-11D3-BF4B-00C04F79EFBC}") = "Unity.2D.Animation.Runtime", "Unity.2D.Animation.Runtime.Player.csproj", "{1966727C-DA78-B565-9D9B-21315F3D2E20}"
EndProject
Project("{FAE04EC0-301F-11D3-BF4B-00C04F79EFBC}") = "Unity.2D.Tilemap.Extras", "Unity.2D.Tilemap.Extras.Player.csproj", "{633C784E-4F4B-0DB7-E67E-0458CD05739F}"
EndProject
Project("{FAE04EC0-301F-11D3-BF4B-00C04F79EFBC}") = "Unity.VisualScripting.State", "Unity.VisualScripting.State.Player.csproj", "{18E6D579-0915-55F9-6953-634A4CA44771}"
EndProject
Project("{FAE04EC0-301F-11D3-BF4B-00C04F79EFBC}") = "Unity.TextMeshPro", "Unity.TextMeshPro.Player.csproj", "{02AA0808-7486-949C-D4B3-EF1920AB30B0}"
EndProject
Project("{FAE04EC0-301F-11D3-BF4B-00C04F79EFBC}") = "Unity.InternalAPIEngineBridge.001", "Unity.InternalAPIEngineBridge.001.Player.csproj", "{CB8612B5-5E07-47C5-14A5-8781A6A4E338}"
EndProject
Project("{FAE04EC0-301F-11D3-BF4B-00C04F79EFBC}") = "Unity.2D.PixelPerfect", "Unity.2D.PixelPerfect.Player.csproj", "{A50F60A8-3214-7C1E-1624-E2B3ABE9FDD3}"
EndProject
Project("{FAE04EC0-301F-11D3-BF4B-00C04F79EFBC}") = "Unity.2D.Common.Runtime", "Unity.2D.Common.Runtime.Player.csproj", "{77CA6130-4F3E-68EB-2F55-CE6A3D138BD4}"
EndProject
Global
	GlobalSection(SolutionConfigurationPlatforms) = preSolution
		Debug|Any CPU = Debug|Any CPU
		Release|Any CPU = Release|Any CPU
	EndGlobalSection
	GlobalSection(ProjectConfigurationPlatforms) = postSolution
		{9E35C5CE-386D-90D2-519F-01E5A5667B9D}.Debug|Any CPU.ActiveCfg = Debug|Any CPU
		{9E35C5CE-386D-90D2-519F-01E5A5667B9D}.Debug|Any CPU.Build.0 = Debug|Any CPU
		{9E35C5CE-386D-90D2-519F-01E5A5667B9D}.Release|Any CPU.ActiveCfg = Release|Any CPU
		{9E35C5CE-386D-90D2-519F-01E5A5667B9D}.Release|Any CPU.Build.0 = Release|Any CPU
		{4F395913-BEAF-789A-DB28-70660EB9B7F8}.Debug|Any CPU.ActiveCfg = Debug|Any CPU
		{4F395913-BEAF-789A-DB28-70660EB9B7F8}.Debug|Any CPU.Build.0 = Debug|Any CPU
		{4F395913-BEAF-789A-DB28-70660EB9B7F8}.Release|Any CPU.ActiveCfg = Release|Any CPU
		{4F395913-BEAF-789A-DB28-70660EB9B7F8}.Release|Any CPU.Build.0 = Release|Any CPU
		{365E073A-0305-678F-B995-41E778780AE8}.Debug|Any CPU.ActiveCfg = Debug|Any CPU
		{365E073A-0305-678F-B995-41E778780AE8}.Debug|Any CPU.Build.0 = Debug|Any CPU
		{365E073A-0305-678F-B995-41E778780AE8}.Release|Any CPU.ActiveCfg = Release|Any CPU
		{365E073A-0305-678F-B995-41E778780AE8}.Release|Any CPU.Build.0 = Release|Any CPU
		{1D4F96C8-02EF-8850-D756-12E3F88B0B03}.Debug|Any CPU.ActiveCfg = Debug|Any CPU
		{1D4F96C8-02EF-8850-D756-12E3F88B0B03}.Debug|Any CPU.Build.0 = Debug|Any CPU
		{1D4F96C8-02EF-8850-D756-12E3F88B0B03}.Release|Any CPU.ActiveCfg = Release|Any CPU
		{1D4F96C8-02EF-8850-D756-12E3F88B0B03}.Release|Any CPU.Build.0 = Release|Any CPU
		{6DAD5AE9-D58F-B3CF-2BEA-500E9E03ADA2}.Debug|Any CPU.ActiveCfg = Debug|Any CPU
		{6DAD5AE9-D58F-B3CF-2BEA-500E9E03ADA2}.Debug|Any CPU.Build.0 = Debug|Any CPU
		{6DAD5AE9-D58F-B3CF-2BEA-500E9E03ADA2}.Release|Any CPU.ActiveCfg = Release|Any CPU
		{6DAD5AE9-D58F-B3CF-2BEA-500E9E03ADA2}.Release|Any CPU.Build.0 = Release|Any CPU
		{70CF4794-41F6-2E53-D61D-507BC50F88E4}.Debug|Any CPU.ActiveCfg = Debug|Any CPU
		{70CF4794-41F6-2E53-D61D-507BC50F88E4}.Debug|Any CPU.Build.0 = Debug|Any CPU
		{70CF4794-41F6-2E53-D61D-507BC50F88E4}.Release|Any CPU.ActiveCfg = Release|Any CPU
		{70CF4794-41F6-2E53-D61D-507BC50F88E4}.Release|Any CPU.Build.0 = Release|Any CPU
		{AD4CF9D1-7C40-6A35-5751-04712BD2D773}.Debug|Any CPU.ActiveCfg = Debug|Any CPU
		{AD4CF9D1-7C40-6A35-5751-04712BD2D773}.Debug|Any CPU.Build.0 = Debug|Any CPU
		{AD4CF9D1-7C40-6A35-5751-04712BD2D773}.Release|Any CPU.ActiveCfg = Release|Any CPU
		{AD4CF9D1-7C40-6A35-5751-04712BD2D773}.Release|Any CPU.Build.0 = Release|Any CPU
		{4D43CCF5-7C3E-B7BB-2A3A-265E3351B2E2}.Debug|Any CPU.ActiveCfg = Debug|Any CPU
		{4D43CCF5-7C3E-B7BB-2A3A-265E3351B2E2}.Debug|Any CPU.Build.0 = Debug|Any CPU
		{4D43CCF5-7C3E-B7BB-2A3A-265E3351B2E2}.Release|Any CPU.ActiveCfg = Release|Any CPU
		{4D43CCF5-7C3E-B7BB-2A3A-265E3351B2E2}.Release|Any CPU.Build.0 = Release|Any CPU
		{9EC61B8C-0877-7DE2-D503-0C8B8D7C1327}.Debug|Any CPU.ActiveCfg = Debug|Any CPU
		{9EC61B8C-0877-7DE2-D503-0C8B8D7C1327}.Debug|Any CPU.Build.0 = Debug|Any CPU
		{9EC61B8C-0877-7DE2-D503-0C8B8D7C1327}.Release|Any CPU.ActiveCfg = Release|Any CPU
		{9EC61B8C-0877-7DE2-D503-0C8B8D7C1327}.Release|Any CPU.Build.0 = Release|Any CPU
		{7427A9B7-E74B-84C7-301E-A4F34362B0C1}.Debug|Any CPU.ActiveCfg = Debug|Any CPU
		{7427A9B7-E74B-84C7-301E-A4F34362B0C1}.Debug|Any CPU.Build.0 = Debug|Any CPU
		{7427A9B7-E74B-84C7-301E-A4F34362B0C1}.Release|Any CPU.ActiveCfg = Release|Any CPU
		{7427A9B7-E74B-84C7-301E-A4F34362B0C1}.Release|Any CPU.Build.0 = Release|Any CPU
		{03865EDD-1B80-BB84-EAE4-B18A1E5B44CD}.Debug|Any CPU.ActiveCfg = Debug|Any CPU
		{03865EDD-1B80-BB84-EAE4-B18A1E5B44CD}.Debug|Any CPU.Build.0 = Debug|Any CPU
		{03865EDD-1B80-BB84-EAE4-B18A1E5B44CD}.Release|Any CPU.ActiveCfg = Release|Any CPU
		{03865EDD-1B80-BB84-EAE4-B18A1E5B44CD}.Release|Any CPU.Build.0 = Release|Any CPU
		{72C46FDE-73F6-5215-B398-73AD5381D478}.Debug|Any CPU.ActiveCfg = Debug|Any CPU
		{72C46FDE-73F6-5215-B398-73AD5381D478}.Debug|Any CPU.Build.0 = Debug|Any CPU
		{72C46FDE-73F6-5215-B398-73AD5381D478}.Release|Any CPU.ActiveCfg = Release|Any CPU
		{72C46FDE-73F6-5215-B398-73AD5381D478}.Release|Any CPU.Build.0 = Release|Any CPU
		{1097D0A4-8F8F-A680-0C45-E18802BB4D56}.Debug|Any CPU.ActiveCfg = Debug|Any CPU
		{1097D0A4-8F8F-A680-0C45-E18802BB4D56}.Debug|Any CPU.Build.0 = Debug|Any CPU
		{1097D0A4-8F8F-A680-0C45-E18802BB4D56}.Release|Any CPU.ActiveCfg = Release|Any CPU
		{1097D0A4-8F8F-A680-0C45-E18802BB4D56}.Release|Any CPU.Build.0 = Release|Any CPU
		{9818440E-0929-34A3-334A-4D0D2287AB63}.Debug|Any CPU.ActiveCfg = Debug|Any CPU
		{9818440E-0929-34A3-334A-4D0D2287AB63}.Debug|Any CPU.Build.0 = Debug|Any CPU
		{9818440E-0929-34A3-334A-4D0D2287AB63}.Release|Any CPU.ActiveCfg = Release|Any CPU
		{9818440E-0929-34A3-334A-4D0D2287AB63}.Release|Any CPU.Build.0 = Release|Any CPU
		{62048338-17D3-0A6B-515E-0D60FFA9FE34}.Debug|Any CPU.ActiveCfg = Debug|Any CPU
		{62048338-17D3-0A6B-515E-0D60FFA9FE34}.Debug|Any CPU.Build.0 = Debug|Any CPU
		{62048338-17D3-0A6B-515E-0D60FFA9FE34}.Release|Any CPU.ActiveCfg = Release|Any CPU
		{62048338-17D3-0A6B-515E-0D60FFA9FE34}.Release|Any CPU.Build.0 = Release|Any CPU
		{989088CC-501D-F892-99B7-BCB9CC597FF6}.Debug|Any CPU.ActiveCfg = Debug|Any CPU
		{989088CC-501D-F892-99B7-BCB9CC597FF6}.Debug|Any CPU.Build.0 = Debug|Any CPU
		{989088CC-501D-F892-99B7-BCB9CC597FF6}.Release|Any CPU.ActiveCfg = Release|Any CPU
		{989088CC-501D-F892-99B7-BCB9CC597FF6}.Release|Any CPU.Build.0 = Release|Any CPU
		{DEA4E311-B7A2-BC28-CD19-F4B65A841C70}.Debug|Any CPU.ActiveCfg = Debug|Any CPU
		{DEA4E311-B7A2-BC28-CD19-F4B65A841C70}.Debug|Any CPU.Build.0 = Debug|Any CPU
		{DEA4E311-B7A2-BC28-CD19-F4B65A841C70}.Release|Any CPU.ActiveCfg = Release|Any CPU
		{DEA4E311-B7A2-BC28-CD19-F4B65A841C70}.Release|Any CPU.Build.0 = Release|Any CPU
		{DE23FD69-F63F-C73E-C392-1639BD8E9750}.Debug|Any CPU.ActiveCfg = Debug|Any CPU
		{DE23FD69-F63F-C73E-C392-1639BD8E9750}.Debug|Any CPU.Build.0 = Debug|Any CPU
		{DE23FD69-F63F-C73E-C392-1639BD8E9750}.Release|Any CPU.ActiveCfg = Release|Any CPU
		{DE23FD69-F63F-C73E-C392-1639BD8E9750}.Release|Any CPU.Build.0 = Release|Any CPU
		{322AC669-088B-364E-58EF-9B9B59620E67}.Debug|Any CPU.ActiveCfg = Debug|Any CPU
		{322AC669-088B-364E-58EF-9B9B59620E67}.Debug|Any CPU.Build.0 = Debug|Any CPU
		{322AC669-088B-364E-58EF-9B9B59620E67}.Release|Any CPU.ActiveCfg = Release|Any CPU
		{322AC669-088B-364E-58EF-9B9B59620E67}.Release|Any CPU.Build.0 = Release|Any CPU
		{B27522F0-FB6A-7AB4-6976-3A171219CFBE}.Debug|Any CPU.ActiveCfg = Debug|Any CPU
		{B27522F0-FB6A-7AB4-6976-3A171219CFBE}.Debug|Any CPU.Build.0 = Debug|Any CPU
		{B27522F0-FB6A-7AB4-6976-3A171219CFBE}.Release|Any CPU.ActiveCfg = Release|Any CPU
		{B27522F0-FB6A-7AB4-6976-3A171219CFBE}.Release|Any CPU.Build.0 = Release|Any CPU
		{3C4D3777-1932-0B8A-44B0-23B885A02872}.Debug|Any CPU.ActiveCfg = Debug|Any CPU
		{3C4D3777-1932-0B8A-44B0-23B885A02872}.Debug|Any CPU.Build.0 = Debug|Any CPU
		{3C4D3777-1932-0B8A-44B0-23B885A02872}.Release|Any CPU.ActiveCfg = Release|Any CPU
		{3C4D3777-1932-0B8A-44B0-23B885A02872}.Release|Any CPU.Build.0 = Release|Any CPU
		{BCD549B3-C9EA-C237-07AD-AB90EB406C83}.Debug|Any CPU.ActiveCfg = Debug|Any CPU
		{BCD549B3-C9EA-C237-07AD-AB90EB406C83}.Debug|Any CPU.Build.0 = Debug|Any CPU
		{BCD549B3-C9EA-C237-07AD-AB90EB406C83}.Release|Any CPU.ActiveCfg = Release|Any CPU
		{BCD549B3-C9EA-C237-07AD-AB90EB406C83}.Release|Any CPU.Build.0 = Release|Any CPU
		{ABA5AAF3-1BA4-C2CB-3003-C1FE283E32B9}.Debug|Any CPU.ActiveCfg = Debug|Any CPU
		{ABA5AAF3-1BA4-C2CB-3003-C1FE283E32B9}.Debug|Any CPU.Build.0 = Debug|Any CPU
		{ABA5AAF3-1BA4-C2CB-3003-C1FE283E32B9}.Release|Any CPU.ActiveCfg = Release|Any CPU
		{ABA5AAF3-1BA4-C2CB-3003-C1FE283E32B9}.Release|Any CPU.Build.0 = Release|Any CPU
		{439C4F77-A18A-C244-A55B-D88585BBCFF5}.Debug|Any CPU.ActiveCfg = Debug|Any CPU
		{439C4F77-A18A-C244-A55B-D88585BBCFF5}.Debug|Any CPU.Build.0 = Debug|Any CPU
		{439C4F77-A18A-C244-A55B-D88585BBCFF5}.Release|Any CPU.ActiveCfg = Release|Any CPU
		{439C4F77-A18A-C244-A55B-D88585BBCFF5}.Release|Any CPU.Build.0 = Release|Any CPU
		{B2BC9848-D843-C13E-4ECB-F29B761A7D84}.Debug|Any CPU.ActiveCfg = Debug|Any CPU
		{B2BC9848-D843-C13E-4ECB-F29B761A7D84}.Debug|Any CPU.Build.0 = Debug|Any CPU
		{B2BC9848-D843-C13E-4ECB-F29B761A7D84}.Release|Any CPU.ActiveCfg = Release|Any CPU
		{B2BC9848-D843-C13E-4ECB-F29B761A7D84}.Release|Any CPU.Build.0 = Release|Any CPU
		{5277B06B-8319-04CD-16B9-00FD3534D8CA}.Debug|Any CPU.ActiveCfg = Debug|Any CPU
		{5277B06B-8319-04CD-16B9-00FD3534D8CA}.Debug|Any CPU.Build.0 = Debug|Any CPU
		{5277B06B-8319-04CD-16B9-00FD3534D8CA}.Release|Any CPU.ActiveCfg = Release|Any CPU
		{5277B06B-8319-04CD-16B9-00FD3534D8CA}.Release|Any CPU.Build.0 = Release|Any CPU
		{8413BA3E-7CE2-4295-CC69-D83C36CCB05F}.Debug|Any CPU.ActiveCfg = Debug|Any CPU
		{8413BA3E-7CE2-4295-CC69-D83C36CCB05F}.Debug|Any CPU.Build.0 = Debug|Any CPU
		{8413BA3E-7CE2-4295-CC69-D83C36CCB05F}.Release|Any CPU.ActiveCfg = Release|Any CPU
		{8413BA3E-7CE2-4295-CC69-D83C36CCB05F}.Release|Any CPU.Build.0 = Release|Any CPU
		{9B8F1922-27DF-FEC1-1868-98ECE848E5A3}.Debug|Any CPU.ActiveCfg = Debug|Any CPU
		{9B8F1922-27DF-FEC1-1868-98ECE848E5A3}.Debug|Any CPU.Build.0 = Debug|Any CPU
		{9B8F1922-27DF-FEC1-1868-98ECE848E5A3}.Release|Any CPU.ActiveCfg = Release|Any CPU
		{9B8F1922-27DF-FEC1-1868-98ECE848E5A3}.Release|Any CPU.Build.0 = Release|Any CPU
		{8B1561A1-E2A1-230E-6F49-A7C9D62726AC}.Debug|Any CPU.ActiveCfg = Debug|Any CPU
		{8B1561A1-E2A1-230E-6F49-A7C9D62726AC}.Debug|Any CPU.Build.0 = Debug|Any CPU
		{8B1561A1-E2A1-230E-6F49-A7C9D62726AC}.Release|Any CPU.ActiveCfg = Release|Any CPU
		{8B1561A1-E2A1-230E-6F49-A7C9D62726AC}.Release|Any CPU.Build.0 = Release|Any CPU
		{DDF1944C-6EF4-FE5F-66FD-CC6F7A88B7F1}.Debug|Any CPU.ActiveCfg = Debug|Any CPU
		{DDF1944C-6EF4-FE5F-66FD-CC6F7A88B7F1}.Debug|Any CPU.Build.0 = Debug|Any CPU
		{DDF1944C-6EF4-FE5F-66FD-CC6F7A88B7F1}.Release|Any CPU.ActiveCfg = Release|Any CPU
		{DDF1944C-6EF4-FE5F-66FD-CC6F7A88B7F1}.Release|Any CPU.Build.0 = Release|Any CPU
		{A1D88C21-E24C-8EC0-0E23-DFEFB3EFB87D}.Debug|Any CPU.ActiveCfg = Debug|Any CPU
		{A1D88C21-E24C-8EC0-0E23-DFEFB3EFB87D}.Debug|Any CPU.Build.0 = Debug|Any CPU
		{A1D88C21-E24C-8EC0-0E23-DFEFB3EFB87D}.Release|Any CPU.ActiveCfg = Release|Any CPU
		{A1D88C21-E24C-8EC0-0E23-DFEFB3EFB87D}.Release|Any CPU.Build.0 = Release|Any CPU
		{D8A714D8-3980-3B29-28BD-1B1211A0C7E1}.Debug|Any CPU.ActiveCfg = Debug|Any CPU
		{D8A714D8-3980-3B29-28BD-1B1211A0C7E1}.Debug|Any CPU.Build.0 = Debug|Any CPU
		{D8A714D8-3980-3B29-28BD-1B1211A0C7E1}.Release|Any CPU.ActiveCfg = Release|Any CPU
		{D8A714D8-3980-3B29-28BD-1B1211A0C7E1}.Release|Any CPU.Build.0 = Release|Any CPU
		{3AF50F3C-512C-D87A-5373-5A6C082E357D}.Debug|Any CPU.ActiveCfg = Debug|Any CPU
		{3AF50F3C-512C-D87A-5373-5A6C082E357D}.Debug|Any CPU.Build.0 = Debug|Any CPU
		{3AF50F3C-512C-D87A-5373-5A6C082E357D}.Release|Any CPU.ActiveCfg = Release|Any CPU
		{3AF50F3C-512C-D87A-5373-5A6C082E357D}.Release|Any CPU.Build.0 = Release|Any CPU
		{A894951A-291E-333D-A947-F9761FBCBD58}.Debug|Any CPU.ActiveCfg = Debug|Any CPU
		{A894951A-291E-333D-A947-F9761FBCBD58}.Debug|Any CPU.Build.0 = Debug|Any CPU
		{A894951A-291E-333D-A947-F9761FBCBD58}.Release|Any CPU.ActiveCfg = Release|Any CPU
		{A894951A-291E-333D-A947-F9761FBCBD58}.Release|Any CPU.Build.0 = Release|Any CPU
		{350D009D-BB17-BB56-EED5-F9BAE7B23FAA}.Debug|Any CPU.ActiveCfg = Debug|Any CPU
		{350D009D-BB17-BB56-EED5-F9BAE7B23FAA}.Debug|Any CPU.Build.0 = Debug|Any CPU
		{350D009D-BB17-BB56-EED5-F9BAE7B23FAA}.Release|Any CPU.ActiveCfg = Release|Any CPU
		{350D009D-BB17-BB56-EED5-F9BAE7B23FAA}.Release|Any CPU.Build.0 = Release|Any CPU
		{2E9F7B52-1A11-A977-9799-6AA437E9275E}.Debug|Any CPU.ActiveCfg = Debug|Any CPU
		{2E9F7B52-1A11-A977-9799-6AA437E9275E}.Debug|Any CPU.Build.0 = Debug|Any CPU
		{2E9F7B52-1A11-A977-9799-6AA437E9275E}.Release|Any CPU.ActiveCfg = Release|Any CPU
		{2E9F7B52-1A11-A977-9799-6AA437E9275E}.Release|Any CPU.Build.0 = Release|Any CPU
		{E267322F-BBFC-8700-6092-E855821E6BD9}.Debug|Any CPU.ActiveCfg = Debug|Any CPU
		{E267322F-BBFC-8700-6092-E855821E6BD9}.Debug|Any CPU.Build.0 = Debug|Any CPU
		{E267322F-BBFC-8700-6092-E855821E6BD9}.Release|Any CPU.ActiveCfg = Release|Any CPU
		{E267322F-BBFC-8700-6092-E855821E6BD9}.Release|Any CPU.Build.0 = Release|Any CPU
		{6AB477B4-EB5B-87EC-829A-FFA6D2B1BFCE}.Debug|Any CPU.ActiveCfg = Debug|Any CPU
		{6AB477B4-EB5B-87EC-829A-FFA6D2B1BFCE}.Debug|Any CPU.Build.0 = Debug|Any CPU
		{6AB477B4-EB5B-87EC-829A-FFA6D2B1BFCE}.Release|Any CPU.ActiveCfg = Release|Any CPU
		{6AB477B4-EB5B-87EC-829A-FFA6D2B1BFCE}.Release|Any CPU.Build.0 = Release|Any CPU
		{2890E5AD-26CA-43EC-2117-E217E27EAA2D}.Debug|Any CPU.ActiveCfg = Debug|Any CPU
		{2890E5AD-26CA-43EC-2117-E217E27EAA2D}.Debug|Any CPU.Build.0 = Debug|Any CPU
		{2890E5AD-26CA-43EC-2117-E217E27EAA2D}.Release|Any CPU.ActiveCfg = Release|Any CPU
		{2890E5AD-26CA-43EC-2117-E217E27EAA2D}.Release|Any CPU.Build.0 = Release|Any CPU
		{611A0309-3793-45C6-0D0B-61DBA9C35D66}.Debug|Any CPU.ActiveCfg = Debug|Any CPU
		{611A0309-3793-45C6-0D0B-61DBA9C35D66}.Debug|Any CPU.Build.0 = Debug|Any CPU
		{611A0309-3793-45C6-0D0B-61DBA9C35D66}.Release|Any CPU.ActiveCfg = Release|Any CPU
		{611A0309-3793-45C6-0D0B-61DBA9C35D66}.Release|Any CPU.Build.0 = Release|Any CPU
		{B1301636-764D-1C5B-E0D1-335707AB1676}.Debug|Any CPU.ActiveCfg = Debug|Any CPU
		{B1301636-764D-1C5B-E0D1-335707AB1676}.Debug|Any CPU.Build.0 = Debug|Any CPU
		{B1301636-764D-1C5B-E0D1-335707AB1676}.Release|Any CPU.ActiveCfg = Release|Any CPU
		{B1301636-764D-1C5B-E0D1-335707AB1676}.Release|Any CPU.Build.0 = Release|Any CPU
		{14A80D38-7B75-EBCF-2BEF-5134F752B771}.Debug|Any CPU.ActiveCfg = Debug|Any CPU
		{14A80D38-7B75-EBCF-2BEF-5134F752B771}.Debug|Any CPU.Build.0 = Debug|Any CPU
		{14A80D38-7B75-EBCF-2BEF-5134F752B771}.Release|Any CPU.ActiveCfg = Release|Any CPU
		{14A80D38-7B75-EBCF-2BEF-5134F752B771}.Release|Any CPU.Build.0 = Release|Any CPU
		{61E79E46-BC95-096A-8AE6-B3F06B79E820}.Debug|Any CPU.ActiveCfg = Debug|Any CPU
		{61E79E46-BC95-096A-8AE6-B3F06B79E820}.Debug|Any CPU.Build.0 = Debug|Any CPU
		{61E79E46-BC95-096A-8AE6-B3F06B79E820}.Release|Any CPU.ActiveCfg = Release|Any CPU
		{61E79E46-BC95-096A-8AE6-B3F06B79E820}.Release|Any CPU.Build.0 = Release|Any CPU
		{9D734A8E-A9A3-C583-4074-EEA51D0AB96B}.Debug|Any CPU.ActiveCfg = Debug|Any CPU
		{9D734A8E-A9A3-C583-4074-EEA51D0AB96B}.Debug|Any CPU.Build.0 = Debug|Any CPU
		{9D734A8E-A9A3-C583-4074-EEA51D0AB96B}.Release|Any CPU.ActiveCfg = Release|Any CPU
		{9D734A8E-A9A3-C583-4074-EEA51D0AB96B}.Release|Any CPU.Build.0 = Release|Any CPU
		{47413967-B9A0-14C4-692F-9ED622EBED89}.Debug|Any CPU.ActiveCfg = Debug|Any CPU
		{47413967-B9A0-14C4-692F-9ED622EBED89}.Debug|Any CPU.Build.0 = Debug|Any CPU
		{47413967-B9A0-14C4-692F-9ED622EBED89}.Release|Any CPU.ActiveCfg = Release|Any CPU
		{47413967-B9A0-14C4-692F-9ED622EBED89}.Release|Any CPU.Build.0 = Release|Any CPU
		{988DBCD0-F39F-13D5-D71A-8F36EA6AB305}.Debug|Any CPU.ActiveCfg = Debug|Any CPU
		{988DBCD0-F39F-13D5-D71A-8F36EA6AB305}.Debug|Any CPU.Build.0 = Debug|Any CPU
		{988DBCD0-F39F-13D5-D71A-8F36EA6AB305}.Release|Any CPU.ActiveCfg = Release|Any CPU
		{988DBCD0-F39F-13D5-D71A-8F36EA6AB305}.Release|Any CPU.Build.0 = Release|Any CPU
		{9B20AD8F-5020-ECE8-2F0B-BC17BC097433}.Debug|Any CPU.ActiveCfg = Debug|Any CPU
		{9B20AD8F-5020-ECE8-2F0B-BC17BC097433}.Debug|Any CPU.Build.0 = Debug|Any CPU
		{9B20AD8F-5020-ECE8-2F0B-BC17BC097433}.Release|Any CPU.ActiveCfg = Release|Any CPU
		{9B20AD8F-5020-ECE8-2F0B-BC17BC097433}.Release|Any CPU.Build.0 = Release|Any CPU
		{80BD8FBB-9665-36C9-BFCD-14766C661CD2}.Debug|Any CPU.ActiveCfg = Debug|Any CPU
		{80BD8FBB-9665-36C9-BFCD-14766C661CD2}.Debug|Any CPU.Build.0 = Debug|Any CPU
		{80BD8FBB-9665-36C9-BFCD-14766C661CD2}.Release|Any CPU.ActiveCfg = Release|Any CPU
		{80BD8FBB-9665-36C9-BFCD-14766C661CD2}.Release|Any CPU.Build.0 = Release|Any CPU
		{AF290CD9-03EB-75A7-463D-16951995BF66}.Debug|Any CPU.ActiveCfg = Debug|Any CPU
		{AF290CD9-03EB-75A7-463D-16951995BF66}.Debug|Any CPU.Build.0 = Debug|Any CPU
		{AF290CD9-03EB-75A7-463D-16951995BF66}.Release|Any CPU.ActiveCfg = Release|Any CPU
		{AF290CD9-03EB-75A7-463D-16951995BF66}.Release|Any CPU.Build.0 = Release|Any CPU
		{8DEE76AC-5AB0-6D7D-F9C6-44EBCB19838A}.Debug|Any CPU.ActiveCfg = Debug|Any CPU
		{8DEE76AC-5AB0-6D7D-F9C6-44EBCB19838A}.Debug|Any CPU.Build.0 = Debug|Any CPU
		{8DEE76AC-5AB0-6D7D-F9C6-44EBCB19838A}.Release|Any CPU.ActiveCfg = Release|Any CPU
		{8DEE76AC-5AB0-6D7D-F9C6-44EBCB19838A}.Release|Any CPU.Build.0 = Release|Any CPU
		{529C3998-EF29-72BA-E68B-DAA94B93EF10}.Debug|Any CPU.ActiveCfg = Debug|Any CPU
		{529C3998-EF29-72BA-E68B-DAA94B93EF10}.Debug|Any CPU.Build.0 = Debug|Any CPU
		{529C3998-EF29-72BA-E68B-DAA94B93EF10}.Release|Any CPU.ActiveCfg = Release|Any CPU
		{529C3998-EF29-72BA-E68B-DAA94B93EF10}.Release|Any CPU.Build.0 = Release|Any CPU
		{3DA364CA-99A5-8194-8260-23C8176A0E5E}.Debug|Any CPU.ActiveCfg = Debug|Any CPU
		{3DA364CA-99A5-8194-8260-23C8176A0E5E}.Debug|Any CPU.Build.0 = Debug|Any CPU
		{3DA364CA-99A5-8194-8260-23C8176A0E5E}.Release|Any CPU.ActiveCfg = Release|Any CPU
		{3DA364CA-99A5-8194-8260-23C8176A0E5E}.Release|Any CPU.Build.0 = Release|Any CPU
		{EBEE58A4-A964-7478-44E4-2C331702AB0E}.Debug|Any CPU.ActiveCfg = Debug|Any CPU
		{EBEE58A4-A964-7478-44E4-2C331702AB0E}.Debug|Any CPU.Build.0 = Debug|Any CPU
		{EBEE58A4-A964-7478-44E4-2C331702AB0E}.Release|Any CPU.ActiveCfg = Release|Any CPU
		{EBEE58A4-A964-7478-44E4-2C331702AB0E}.Release|Any CPU.Build.0 = Release|Any CPU
		{E7B60DB2-E47F-8F26-4DC2-AAB94874D6E0}.Debug|Any CPU.ActiveCfg = Debug|Any CPU
		{E7B60DB2-E47F-8F26-4DC2-AAB94874D6E0}.Debug|Any CPU.Build.0 = Debug|Any CPU
		{E7B60DB2-E47F-8F26-4DC2-AAB94874D6E0}.Release|Any CPU.ActiveCfg = Release|Any CPU
		{E7B60DB2-E47F-8F26-4DC2-AAB94874D6E0}.Release|Any CPU.Build.0 = Release|Any CPU
		{CE731D20-8AB9-DDD8-5AF6-10C779A28B37}.Debug|Any CPU.ActiveCfg = Debug|Any CPU
		{CE731D20-8AB9-DDD8-5AF6-10C779A28B37}.Debug|Any CPU.Build.0 = Debug|Any CPU
		{CE731D20-8AB9-DDD8-5AF6-10C779A28B37}.Release|Any CPU.ActiveCfg = Release|Any CPU
		{CE731D20-8AB9-DDD8-5AF6-10C779A28B37}.Release|Any CPU.Build.0 = Release|Any CPU
		{A7385702-F231-5129-5567-9CBBB37AD356}.Debug|Any CPU.ActiveCfg = Debug|Any CPU
		{A7385702-F231-5129-5567-9CBBB37AD356}.Debug|Any CPU.Build.0 = Debug|Any CPU
		{A7385702-F231-5129-5567-9CBBB37AD356}.Release|Any CPU.ActiveCfg = Release|Any CPU
		{A7385702-F231-5129-5567-9CBBB37AD356}.Release|Any CPU.Build.0 = Release|Any CPU
		{1965A0EB-83FC-BC57-4D64-E320BC76EA1C}.Debug|Any CPU.ActiveCfg = Debug|Any CPU
		{1965A0EB-83FC-BC57-4D64-E320BC76EA1C}.Debug|Any CPU.Build.0 = Debug|Any CPU
		{1965A0EB-83FC-BC57-4D64-E320BC76EA1C}.Release|Any CPU.ActiveCfg = Release|Any CPU
		{1965A0EB-83FC-BC57-4D64-E320BC76EA1C}.Release|Any CPU.Build.0 = Release|Any CPU
		{8938FD51-6FA3-B405-D4D8-28CD7C3B0BAE}.Debug|Any CPU.ActiveCfg = Debug|Any CPU
		{8938FD51-6FA3-B405-D4D8-28CD7C3B0BAE}.Debug|Any CPU.Build.0 = Debug|Any CPU
		{8938FD51-6FA3-B405-D4D8-28CD7C3B0BAE}.Release|Any CPU.ActiveCfg = Release|Any CPU
		{8938FD51-6FA3-B405-D4D8-28CD7C3B0BAE}.Release|Any CPU.Build.0 = Release|Any CPU
		{5D948A27-83D6-327F-F75B-0B57EC474BC3}.Debug|Any CPU.ActiveCfg = Debug|Any CPU
		{5D948A27-83D6-327F-F75B-0B57EC474BC3}.Debug|Any CPU.Build.0 = Debug|Any CPU
		{5D948A27-83D6-327F-F75B-0B57EC474BC3}.Release|Any CPU.ActiveCfg = Release|Any CPU
		{5D948A27-83D6-327F-F75B-0B57EC474BC3}.Release|Any CPU.Build.0 = Release|Any CPU
		{DEA757A0-F965-B7E5-67A5-A27BCEB52D0D}.Debug|Any CPU.ActiveCfg = Debug|Any CPU
		{DEA757A0-F965-B7E5-67A5-A27BCEB52D0D}.Debug|Any CPU.Build.0 = Debug|Any CPU
		{DEA757A0-F965-B7E5-67A5-A27BCEB52D0D}.Release|Any CPU.ActiveCfg = Release|Any CPU
		{DEA757A0-F965-B7E5-67A5-A27BCEB52D0D}.Release|Any CPU.Build.0 = Release|Any CPU
		{5A953F93-CFC5-FC30-6C07-CE3B8CDD1C14}.Debug|Any CPU.ActiveCfg = Debug|Any CPU
		{5A953F93-CFC5-FC30-6C07-CE3B8CDD1C14}.Debug|Any CPU.Build.0 = Debug|Any CPU
		{5A953F93-CFC5-FC30-6C07-CE3B8CDD1C14}.Release|Any CPU.ActiveCfg = Release|Any CPU
		{5A953F93-CFC5-FC30-6C07-CE3B8CDD1C14}.Release|Any CPU.Build.0 = Release|Any CPU
		{D8315ABC-27D5-9060-5939-64458F2425BF}.Debug|Any CPU.ActiveCfg = Debug|Any CPU
		{D8315ABC-27D5-9060-5939-64458F2425BF}.Debug|Any CPU.Build.0 = Debug|Any CPU
		{D8315ABC-27D5-9060-5939-64458F2425BF}.Release|Any CPU.ActiveCfg = Release|Any CPU
		{D8315ABC-27D5-9060-5939-64458F2425BF}.Release|Any CPU.Build.0 = Release|Any CPU
		{EFF2A2EC-6C20-0F57-BCE3-BE3728C27097}.Debug|Any CPU.ActiveCfg = Debug|Any CPU
		{EFF2A2EC-6C20-0F57-BCE3-BE3728C27097}.Debug|Any CPU.Build.0 = Debug|Any CPU
		{EFF2A2EC-6C20-0F57-BCE3-BE3728C27097}.Release|Any CPU.ActiveCfg = Release|Any CPU
		{EFF2A2EC-6C20-0F57-BCE3-BE3728C27097}.Release|Any CPU.Build.0 = Release|Any CPU
		{64A346EB-350F-50F4-6161-786FECF01838}.Debug|Any CPU.ActiveCfg = Debug|Any CPU
		{64A346EB-350F-50F4-6161-786FECF01838}.Debug|Any CPU.Build.0 = Debug|Any CPU
		{64A346EB-350F-50F4-6161-786FECF01838}.Release|Any CPU.ActiveCfg = Release|Any CPU
		{64A346EB-350F-50F4-6161-786FECF01838}.Release|Any CPU.Build.0 = Release|Any CPU
		{CE8943D9-6FA9-E8B8-A8C8-3BAB27D6204A}.Debug|Any CPU.ActiveCfg = Debug|Any CPU
		{CE8943D9-6FA9-E8B8-A8C8-3BAB27D6204A}.Debug|Any CPU.Build.0 = Debug|Any CPU
		{CE8943D9-6FA9-E8B8-A8C8-3BAB27D6204A}.Release|Any CPU.ActiveCfg = Release|Any CPU
		{CE8943D9-6FA9-E8B8-A8C8-3BAB27D6204A}.Release|Any CPU.Build.0 = Release|Any CPU
		{1966727C-DA78-B565-9D9B-21315F3D2E20}.Debug|Any CPU.ActiveCfg = Debug|Any CPU
		{1966727C-DA78-B565-9D9B-21315F3D2E20}.Debug|Any CPU.Build.0 = Debug|Any CPU
		{1966727C-DA78-B565-9D9B-21315F3D2E20}.Release|Any CPU.ActiveCfg = Release|Any CPU
		{1966727C-DA78-B565-9D9B-21315F3D2E20}.Release|Any CPU.Build.0 = Release|Any CPU
		{633C784E-4F4B-0DB7-E67E-0458CD05739F}.Debug|Any CPU.ActiveCfg = Debug|Any CPU
		{633C784E-4F4B-0DB7-E67E-0458CD05739F}.Debug|Any CPU.Build.0 = Debug|Any CPU
		{633C784E-4F4B-0DB7-E67E-0458CD05739F}.Release|Any CPU.ActiveCfg = Release|Any CPU
		{633C784E-4F4B-0DB7-E67E-0458CD05739F}.Release|Any CPU.Build.0 = Release|Any CPU
		{18E6D579-0915-55F9-6953-634A4CA44771}.Debug|Any CPU.ActiveCfg = Debug|Any CPU
		{18E6D579-0915-55F9-6953-634A4CA44771}.Debug|Any CPU.Build.0 = Debug|Any CPU
		{18E6D579-0915-55F9-6953-634A4CA44771}.Release|Any CPU.ActiveCfg = Release|Any CPU
		{18E6D579-0915-55F9-6953-634A4CA44771}.Release|Any CPU.Build.0 = Release|Any CPU
		{02AA0808-7486-949C-D4B3-EF1920AB30B0}.Debug|Any CPU.ActiveCfg = Debug|Any CPU
		{02AA0808-7486-949C-D4B3-EF1920AB30B0}.Debug|Any CPU.Build.0 = Debug|Any CPU
		{02AA0808-7486-949C-D4B3-EF1920AB30B0}.Release|Any CPU.ActiveCfg = Release|Any CPU
		{02AA0808-7486-949C-D4B3-EF1920AB30B0}.Release|Any CPU.Build.0 = Release|Any CPU
		{CB8612B5-5E07-47C5-14A5-8781A6A4E338}.Debug|Any CPU.ActiveCfg = Debug|Any CPU
		{CB8612B5-5E07-47C5-14A5-8781A6A4E338}.Debug|Any CPU.Build.0 = Debug|Any CPU
		{CB8612B5-5E07-47C5-14A5-8781A6A4E338}.Release|Any CPU.ActiveCfg = Release|Any CPU
		{CB8612B5-5E07-47C5-14A5-8781A6A4E338}.Release|Any CPU.Build.0 = Release|Any CPU
		{A50F60A8-3214-7C1E-1624-E2B3ABE9FDD3}.Debug|Any CPU.ActiveCfg = Debug|Any CPU
		{A50F60A8-3214-7C1E-1624-E2B3ABE9FDD3}.Debug|Any CPU.Build.0 = Debug|Any CPU
		{A50F60A8-3214-7C1E-1624-E2B3ABE9FDD3}.Release|Any CPU.ActiveCfg = Release|Any CPU
		{A50F60A8-3214-7C1E-1624-E2B3ABE9FDD3}.Release|Any CPU.Build.0 = Release|Any CPU
		{77CA6130-4F3E-68EB-2F55-CE6A3D138BD4}.Debug|Any CPU.ActiveCfg = Debug|Any CPU
		{77CA6130-4F3E-68EB-2F55-CE6A3D138BD4}.Debug|Any CPU.Build.0 = Debug|Any CPU
		{77CA6130-4F3E-68EB-2F55-CE6A3D138BD4}.Release|Any CPU.ActiveCfg = Release|Any CPU
		{77CA6130-4F3E-68EB-2F55-CE6A3D138BD4}.Release|Any CPU.Build.0 = Release|Any CPU
	EndGlobalSection
	GlobalSection(SolutionProperties) = preSolution
		HideSolutionNode = FALSE
	EndGlobalSection
EndGlobal
